// !$*UTF8*$!
{
	archiveVersion = 1;
	classes = {
	};
	objectVersion = 46;
	objects = {

/* Begin PBXBuildFile section */
		BD919E9519FB7540009B7E55 /* main.m in Sources */ = {isa = PBXBuildFile; fileRef = BD919E9419FB7540009B7E55 /* main.m */; };
		BD919E9819FB7540009B7E55 /* AppDelegate.m in Sources */ = {isa = PBXBuildFile; fileRef = BD919E9719FB7540009B7E55 /* AppDelegate.m */; };
		BD919E9E19FB7541009B7E55 /* Main.storyboard in Resources */ = {isa = PBXBuildFile; fileRef = BD919E9C19FB7541009B7E55 /* Main.storyboard */; };
		BD919EA019FB7541009B7E55 /* Images.xcassets in Resources */ = {isa = PBXBuildFile; fileRef = BD919E9F19FB7541009B7E55 /* Images.xcassets */; };
		BD919EA319FB7541009B7E55 /* LaunchScreen.xib in Resources */ = {isa = PBXBuildFile; fileRef = BD919EA119FB7541009B7E55 /* LaunchScreen.xib */; };
		BD919EB919FB7573009B7E55 /* CoreLocation.framework in Frameworks */ = {isa = PBXBuildFile; fileRef = BD919EB819FB7573009B7E55 /* CoreLocation.framework */; };
		BD919EBC19FB7587009B7E55 /* EAMainViewController.m in Sources */ = {isa = PBXBuildFile; fileRef = BD919EBB19FB7587009B7E55 /* EAMainViewController.m */; };
/* End PBXBuildFile section */

/* Begin PBXContainerItemProxy section */
		BD919EA919FB7541009B7E55 /* PBXContainerItemProxy */ = {
			isa = PBXContainerItemProxy;
			containerPortal = BD919E8719FB7540009B7E55 /* Project object */;
			proxyType = 1;
			remoteGlobalIDString = BD919E8E19FB7540009B7E55;
			remoteInfo = EvaqAlarm;
		};
/* End PBXContainerItemProxy section */

/* Begin PBXFileReference section */
		BD919E8F19FB7540009B7E55 /* EvaqAlarm.app */ = {isa = PBXFileReference; explicitFileType = wrapper.application; includeInIndex = 0; path = EvaqAlarm.app; sourceTree = BUILT_PRODUCTS_DIR; };
		BD919E9319FB7540009B7E55 /* Info.plist */ = {isa = PBXFileReference; lastKnownFileType = text.plist.xml; path = Info.plist; sourceTree = "<group>"; };
		BD919E9419FB7540009B7E55 /* main.m */ = {isa = PBXFileReference; lastKnownFileType = sourcecode.c.objc; path = main.m; sourceTree = "<group>"; };
		BD919E9619FB7540009B7E55 /* AppDelegate.h */ = {isa = PBXFileReference; lastKnownFileType = sourcecode.c.h; path = AppDelegate.h; sourceTree = "<group>"; };
		BD919E9719FB7540009B7E55 /* AppDelegate.m */ = {isa = PBXFileReference; lastKnownFileType = sourcecode.c.objc; path = AppDelegate.m; sourceTree = "<group>"; };
		BD919E9D19FB7541009B7E55 /* Base */ = {isa = PBXFileReference; lastKnownFileType = file.storyboard; name = Base; path = Base.lproj/Main.storyboard; sourceTree = "<group>"; };
		BD919E9F19FB7541009B7E55 /* Images.xcassets */ = {isa = PBXFileReference; lastKnownFileType = folder.assetcatalog; path = Images.xcassets; sourceTree = "<group>"; };
		BD919EA219FB7541009B7E55 /* Base */ = {isa = PBXFileReference; lastKnownFileType = file.xib; name = Base; path = Base.lproj/LaunchScreen.xib; sourceTree = "<group>"; };
		BD919EA819FB7541009B7E55 /* EvaqAlarmTests.xctest */ = {isa = PBXFileReference; explicitFileType = wrapper.cfbundle; includeInIndex = 0; path = EvaqAlarmTests.xctest; sourceTree = BUILT_PRODUCTS_DIR; };
		BD919EAD19FB7541009B7E55 /* Info.plist */ = {isa = PBXFileReference; lastKnownFileType = text.plist.xml; path = Info.plist; sourceTree = "<group>"; };
		BD919EB819FB7573009B7E55 /* CoreLocation.framework */ = {isa = PBXFileReference; lastKnownFileType = wrapper.framework; name = CoreLocation.framework; path = System/Library/Frameworks/CoreLocation.framework; sourceTree = SDKROOT; };
		BD919EBA19FB7587009B7E55 /* EAMainViewController.h */ = {isa = PBXFileReference; fileEncoding = 4; lastKnownFileType = sourcecode.c.h; path = EAMainViewController.h; sourceTree = "<group>"; };
		BD919EBB19FB7587009B7E55 /* EAMainViewController.m */ = {isa = PBXFileReference; fileEncoding = 4; lastKnownFileType = sourcecode.c.objc; path = EAMainViewController.m; sourceTree = "<group>"; };
/* End PBXFileReference section */

/* Begin PBXFrameworksBuildPhase section */
		BD919E8C19FB7540009B7E55 /* Frameworks */ = {
			isa = PBXFrameworksBuildPhase;
			buildActionMask = 2147483647;
			files = (
				BD919EB919FB7573009B7E55 /* CoreLocation.framework in Frameworks */,
			);
			runOnlyForDeploymentPostprocessing = 0;
		};
		BD919EA519FB7541009B7E55 /* Frameworks */ = {
			isa = PBXFrameworksBuildPhase;
			buildActionMask = 2147483647;
			files = (
			);
			runOnlyForDeploymentPostprocessing = 0;
		};
/* End PBXFrameworksBuildPhase section */

/* Begin PBXGroup section */
		BD919E8619FB7540009B7E55 = {
			isa = PBXGroup;
			children = (
				BD919E9119FB7540009B7E55 /* EvaqAlarm */,
				BD919EAB19FB7541009B7E55 /* EvaqAlarmTests */,
				BD919EBD19FB758A009B7E55 /* Frameworks */,
				BD919E9019FB7540009B7E55 /* Products */,
			);
			sourceTree = "<group>";
		};
		BD919E9019FB7540009B7E55 /* Products */ = {
			isa = PBXGroup;
			children = (
				BD919E8F19FB7540009B7E55 /* EvaqAlarm.app */,
				BD919EA819FB7541009B7E55 /* EvaqAlarmTests.xctest */,
			);
			name = Products;
			sourceTree = "<group>";
		};
		BD919E9119FB7540009B7E55 /* EvaqAlarm */ = {
			isa = PBXGroup;
			children = (
				BD919E9619FB7540009B7E55 /* AppDelegate.h */,
				BD919E9719FB7540009B7E55 /* AppDelegate.m */,
				BD919EBA19FB7587009B7E55 /* EAMainViewController.h */,
				BD919EBB19FB7587009B7E55 /* EAMainViewController.m */,
				BD919E9C19FB7541009B7E55 /* Main.storyboard */,
				BD919E9F19FB7541009B7E55 /* Images.xcassets */,
				BD919EA119FB7541009B7E55 /* LaunchScreen.xib */,
				BD919E9219FB7540009B7E55 /* Supporting Files */,
			);
			path = EvaqAlarm;
			sourceTree = "<group>";
		};
		BD919E9219FB7540009B7E55 /* Supporting Files */ = {
			isa = PBXGroup;
			children = (
				BD919E9319FB7540009B7E55 /* Info.plist */,
				BD919E9419FB7540009B7E55 /* main.m */,
			);
			name = "Supporting Files";
			sourceTree = "<group>";
		};
		BD919EAB19FB7541009B7E55 /* EvaqAlarmTests */ = {
			isa = PBXGroup;
			children = (
				BD919EAC19FB7541009B7E55 /* Supporting Files */,
			);
			path = EvaqAlarmTests;
			sourceTree = "<group>";
		};
		BD919EAC19FB7541009B7E55 /* Supporting Files */ = {
			isa = PBXGroup;
			children = (
				BD919EAD19FB7541009B7E55 /* Info.plist */,
			);
			name = "Supporting Files";
			sourceTree = "<group>";
		};
		BD919EBD19FB758A009B7E55 /* Frameworks */ = {
			isa = PBXGroup;
			children = (
				BD919EB819FB7573009B7E55 /* CoreLocation.framework */,
			);
			name = Frameworks;
			sourceTree = "<group>";
		};
/* End PBXGroup section */

/* Begin PBXNativeTarget section */
		BD919E8E19FB7540009B7E55 /* EvaqAlarm */ = {
			isa = PBXNativeTarget;
			buildConfigurationList = BD919EB219FB7541009B7E55 /* Build configuration list for PBXNativeTarget "EvaqAlarm" */;
			buildPhases = (
				BD919E8B19FB7540009B7E55 /* Sources */,
				BD919E8C19FB7540009B7E55 /* Frameworks */,
				BD919E8D19FB7540009B7E55 /* Resources */,
			);
			buildRules = (
			);
			dependencies = (
			);
			name = EvaqAlarm;
			productName = EvaqAlarm;
			productReference = BD919E8F19FB7540009B7E55 /* EvaqAlarm.app */;
			productType = "com.apple.product-type.application";
		};
		BD919EA719FB7541009B7E55 /* EvaqAlarmTests */ = {
			isa = PBXNativeTarget;
			buildConfigurationList = BD919EB519FB7541009B7E55 /* Build configuration list for PBXNativeTarget "EvaqAlarmTests" */;
			buildPhases = (
				BD919EA419FB7541009B7E55 /* Sources */,
				BD919EA519FB7541009B7E55 /* Frameworks */,
				BD919EA619FB7541009B7E55 /* Resources */,
			);
			buildRules = (
			);
			dependencies = (
				BD919EAA19FB7541009B7E55 /* PBXTargetDependency */,
			);
			name = EvaqAlarmTests;
			productName = EvaqAlarmTests;
			productReference = BD919EA819FB7541009B7E55 /* EvaqAlarmTests.xctest */;
			productType = "com.apple.product-type.bundle.unit-test";
		};
/* End PBXNativeTarget section */

/* Begin PBXProject section */
		BD919E8719FB7540009B7E55 /* Project object */ = {
			isa = PBXProject;
			attributes = {
				CLASSPREFIX = EA;
				LastUpgradeCheck = 0610;
				ORGANIZATIONNAME = "Speaking Mind";
				TargetAttributes = {
					BD919E8E19FB7540009B7E55 = {
						CreatedOnToolsVersion = 6.1;
					};
					BD919EA719FB7541009B7E55 = {
						CreatedOnToolsVersion = 6.1;
						TestTargetID = BD919E8E19FB7540009B7E55;
					};
				};
			};
			buildConfigurationList = BD919E8A19FB7540009B7E55 /* Build configuration list for PBXProject "EvaqAlarm" */;
			compatibilityVersion = "Xcode 3.2";
			developmentRegion = English;
			hasScannedForEncodings = 0;
			knownRegions = (
				en,
				Base,
			);
			mainGroup = BD919E8619FB7540009B7E55;
			productRefGroup = BD919E9019FB7540009B7E55 /* Products */;
			projectDirPath = "";
			projectRoot = "";
			targets = (
				BD919E8E19FB7540009B7E55 /* EvaqAlarm */,
				BD919EA719FB7541009B7E55 /* EvaqAlarmTests */,
			);
		};
/* End PBXProject section */

/* Begin PBXResourcesBuildPhase section */
		BD919E8D19FB7540009B7E55 /* Resources */ = {
			isa = PBXResourcesBuildPhase;
			buildActionMask = 2147483647;
			files = (
				BD919E9E19FB7541009B7E55 /* Main.storyboard in Resources */,
				BD919EA319FB7541009B7E55 /* LaunchScreen.xib in Resources */,
				BD919EA019FB7541009B7E55 /* Images.xcassets in Resources */,
			);
			runOnlyForDeploymentPostprocessing = 0;
		};
		BD919EA619FB7541009B7E55 /* Resources */ = {
			isa = PBXResourcesBuildPhase;
			buildActionMask = 2147483647;
			files = (
			);
			runOnlyForDeploymentPostprocessing = 0;
		};
/* End PBXResourcesBuildPhase section */

/* Begin PBXSourcesBuildPhase section */
		BD919E8B19FB7540009B7E55 /* Sources */ = {
			isa = PBXSourcesBuildPhase;
			buildActionMask = 2147483647;
			files = (
				BD919EBC19FB7587009B7E55 /* EAMainViewController.m in Sources */,
				BD919E9819FB7540009B7E55 /* AppDelegate.m in Sources */,
				BD919E9519FB7540009B7E55 /* main.m in Sources */,
			);
			runOnlyForDeploymentPostprocessing = 0;
		};
		BD919EA419FB7541009B7E55 /* Sources */ = {
			isa = PBXSourcesBuildPhase;
			buildActionMask = 2147483647;
			files = (
			);
			runOnlyForDeploymentPostprocessing = 0;
		};
/* End PBXSourcesBuildPhase section */

/* Begin PBXTargetDependency section */
		BD919EAA19FB7541009B7E55 /* PBXTargetDependency */ = {
			isa = PBXTargetDependency;
			target = BD919E8E19FB7540009B7E55 /* EvaqAlarm */;
			targetProxy = BD919EA919FB7541009B7E55 /* PBXContainerItemProxy */;
		};
/* End PBXTargetDependency section */

/* Begin PBXVariantGroup section */
		BD919E9C19FB7541009B7E55 /* Main.storyboard */ = {
			isa = PBXVariantGroup;
			children = (
				BD919E9D19FB7541009B7E55 /* Base */,
			);
			name = Main.storyboard;
			sourceTree = "<group>";
		};
		BD919EA119FB7541009B7E55 /* LaunchScreen.xib */ = {
			isa = PBXVariantGroup;
			children = (
				BD919EA219FB7541009B7E55 /* Base */,
			);
			name = LaunchScreen.xib;
			sourceTree = "<group>";
		};
/* End PBXVariantGroup section */

/* Begin XCBuildConfiguration section */
		BD919EB019FB7541009B7E55 /* Debug */ = {
			isa = XCBuildConfiguration;
			buildSettings = {
				ALWAYS_SEARCH_USER_PATHS = NO;
				CLANG_CXX_LANGUAGE_STANDARD = "gnu++0x";
				CLANG_CXX_LIBRARY = "libc++";
				CLANG_ENABLE_MODULES = YES;
				CLANG_ENABLE_OBJC_ARC = YES;
				CLANG_WARN_BOOL_CONVERSION = YES;
				CLANG_WARN_CONSTANT_CONVERSION = YES;
				CLANG_WARN_DIRECT_OBJC_ISA_USAGE = YES_ERROR;
				CLANG_WARN_EMPTY_BODY = YES;
				CLANG_WARN_ENUM_CONVERSION = YES;
				CLANG_WARN_INT_CONVERSION = YES;
				CLANG_WARN_OBJC_ROOT_CLASS = YES_ERROR;
				CLANG_WARN_UNREACHABLE_CODE = YES;
				CLANG_WARN__DUPLICATE_METHOD_MATCH = YES;
				"CODE_SIGN_IDENTITY[sdk=iphoneos*]" = "iPhone Developer";
				COPY_PHASE_STRIP = NO;
				ENABLE_STRICT_OBJC_MSGSEND = YES;
				GCC_C_LANGUAGE_STANDARD = gnu99;
				GCC_DYNAMIC_NO_PIC = NO;
				GCC_OPTIMIZATION_LEVEL = 0;
				GCC_PREPROCESSOR_DEFINITIONS = (
					"DEBUG=1",
					"$(inherited)",
				);
				GCC_SYMBOLS_PRIVATE_EXTERN = NO;
				GCC_WARN_64_TO_32_BIT_CONVERSION = YES;
				GCC_WARN_ABOUT_RETURN_TYPE = YES_ERROR;
				GCC_WARN_UNDECLARED_SELECTOR = YES;
				GCC_WARN_UNINITIALIZED_AUTOS = YES_AGGRESSIVE;
				GCC_WARN_UNUSED_FUNCTION = YES;
				GCC_WARN_UNUSED_VARIABLE = YES;
				IPHONEOS_DEPLOYMENT_TARGET = 7.0;
				MTL_ENABLE_DEBUG_INFO = YES;
				ONLY_ACTIVE_ARCH = YES;
				SDKROOT = iphoneos;
			};
			name = Debug;
		};
		BD919EB119FB7541009B7E55 /* Release */ = {
			isa = XCBuildConfiguration;
			buildSettings = {
				ALWAYS_SEARCH_USER_PATHS = NO;
				CLANG_CXX_LANGUAGE_STANDARD = "gnu++0x";
				CLANG_CXX_LIBRARY = "libc++";
				CLANG_ENABLE_MODULES = YES;
				CLANG_ENABLE_OBJC_ARC = YES;
				CLANG_WARN_BOOL_CONVERSION = YES;
				CLANG_WARN_CONSTANT_CONVERSION = YES;
				CLANG_WARN_DIRECT_OBJC_ISA_USAGE = YES_ERROR;
				CLANG_WARN_EMPTY_BODY = YES;
				CLANG_WARN_ENUM_CONVERSION = YES;
				CLANG_WARN_INT_CONVERSION = YES;
				CLANG_WARN_OBJC_ROOT_CLASS = YES_ERROR;
				CLANG_WARN_UNREACHABLE_CODE = YES;
				CLANG_WARN__DUPLICATE_METHOD_MATCH = YES;
				"CODE_SIGN_IDENTITY[sdk=iphoneos*]" = "iPhone Developer";
				COPY_PHASE_STRIP = YES;
				ENABLE_NS_ASSERTIONS = NO;
				ENABLE_STRICT_OBJC_MSGSEND = YES;
				GCC_C_LANGUAGE_STANDARD = gnu99;
				GCC_WARN_64_TO_32_BIT_CONVERSION = YES;
				GCC_WARN_ABOUT_RETURN_TYPE = YES_ERROR;
				GCC_WARN_UNDECLARED_SELECTOR = YES;
				GCC_WARN_UNINITIALIZED_AUTOS = YES_AGGRESSIVE;
				GCC_WARN_UNUSED_FUNCTION = YES;
				GCC_WARN_UNUSED_VARIABLE = YES;
				IPHONEOS_DEPLOYMENT_TARGET = 7.0;
				MTL_ENABLE_DEBUG_INFO = NO;
				SDKROOT = iphoneos;
				VALIDATE_PRODUCT = YES;
			};
			name = Release;
		};
		BD919EB319FB7541009B7E55 /* Debug */ = {
			isa = XCBuildConfiguration;
			buildSettings = {
				ASSETCATALOG_COMPILER_APPICON_NAME = AppIcon;
				INFOPLIST_FILE = EvaqAlarm/Info.plist;
				IPHONEOS_DEPLOYMENT_TARGET = 7.0;
				LD_RUNPATH_SEARCH_PATHS = "$(inherited) @executable_path/Frameworks";
				PRODUCT_NAME = "$(TARGET_NAME)";
			};
			name = Debug;
		};
		BD919EB419FB7541009B7E55 /* Release */ = {
			isa = XCBuildConfiguration;
			buildSettings = {
				ASSETCATALOG_COMPILER_APPICON_NAME = AppIcon;
				INFOPLIST_FILE = EvaqAlarm/Info.plist;
				IPHONEOS_DEPLOYMENT_TARGET = 7.0;
				LD_RUNPATH_SEARCH_PATHS = "$(inherited) @executable_path/Frameworks";
				PRODUCT_NAME = "$(TARGET_NAME)";
			};
			name = Release;
		};
		BD919EB619FB7541009B7E55 /* Debug */ = {
			isa = XCBuildConfiguration;
			buildSettings = {
				BUNDLE_LOADER = "$(TEST_HOST)";
				FRAMEWORK_SEARCH_PATHS = (
					"$(SDKROOT)/Developer/Library/Frameworks",
					"$(inherited)",
				);
				GCC_PREPROCESSOR_DEFINITIONS = (
					"DEBUG=1",
					"$(inherited)",
				);
				INFOPLIST_FILE = EvaqAlarmTests/Info.plist;
				LD_RUNPATH_SEARCH_PATHS = "$(inherited) @executable_path/Frameworks @loader_path/Frameworks";
				PRODUCT_NAME = "$(TARGET_NAME)";
				TEST_HOST = "$(BUILT_PRODUCTS_DIR)/EvaqAlarm.app/EvaqAlarm";
			};
			name = Debug;
		};
		BD919EB719FB7541009B7E55 /* Release */ = {
			isa = XCBuildConfiguration;
			buildSettings = {
				BUNDLE_LOADER = "$(TEST_HOST)";
				FRAMEWORK_SEARCH_PATHS = (
					"$(SDKROOT)/Developer/Library/Frameworks",
					"$(inherited)",
				);
				INFOPLIST_FILE = EvaqAlarmTests/Info.plist;
				LD_RUNPATH_SEARCH_PATHS = "$(inherited) @executable_path/Frameworks @loader_path/Frameworks";
				PRODUCT_NAME = "$(TARGET_NAME)";
				TEST_HOST = "$(BUILT_PRODUCTS_DIR)/EvaqAlarm.app/EvaqAlarm";
			};
			name = Release;
		};
/* End XCBuildConfiguration section */

/* Begin XCConfigurationList section */
		BD919E8A19FB7540009B7E55 /* Build configuration list for PBXProject "EvaqAlarm" */ = {
			isa = XCConfigurationList;
			buildConfigurations = (
				BD919EB019FB7541009B7E55 /* Debug */,
				BD919EB119FB7541009B7E55 /* Release */,
			);
			defaultConfigurationIsVisible = 0;
			defaultConfigurationName = Release;
		};
		BD919EB219FB7541009B7E55 /* Build configuration list for PBXNativeTarget "EvaqAlarm" */ = {
			isa = XCConfigurationList;
			buildConfigurations = (
				BD919EB319FB7541009B7E55 /* Debug */,
				BD919EB419FB7541009B7E55 /* Release */,
			);
			defaultConfigurationIsVisible = 0;
			defaultConfigurationName = Release;
		};
		BD919EB519FB7541009B7E55 /* Build configuration list for PBXNativeTarget "EvaqAlarmTests" */ = {
			isa = XCConfigurationList;
			buildConfigurations = (
				BD919EB619FB7541009B7E55 /* Debug */,
				BD919EB719FB7541009B7E55 /* Release */,
			);
			defaultConfigurationIsVisible = 0;
			defaultConfigurationName = Release;
		};
/* End XCConfigurationList section */
	};
	rootObject = BD919E8719FB7540009B7E55 /* Project object */;
}
